
Microsoft Visual Studio Solution File, Format Version 12.00
# Visual Studio Version 16
VisualStudioVersion = 16.0.31205.134
MinimumVisualStudioVersion = 10.0.40219.1
Project("{FAE04EC0-301F-11D3-BF4B-00C04F79EFBC}") = "XPositibo.Eskwelahan.Api", "XPositibo.Eskwelahan.Api\XPositibo.Eskwelahan.Api.csproj", "{338DF3B0-08A5-485A-85F9-205E4475058F}"
EndProject
Project("{FAE04EC0-301F-11D3-BF4B-00C04F79EFBC}") = "XPositibo.Eskwelahan.Tests", "XPositibo.Eskwelahan.Tests\XPositibo.Eskwelahan.Tests.csproj", "{80644772-C71B-4DEC-A380-5E084DCEEBB3}"
EndProject
Global
	GlobalSection(SolutionConfigurationPlatforms) = preSolution
		Debug|Any CPU = Debug|Any CPU
		Release|Any CPU = Release|Any CPU
	EndGlobalSection
	GlobalSection(ProjectConfigurationPlatforms) = postSolution
		{338DF3B0-08A5-485A-85F9-205E4475058F}.Debug|Any CPU.ActiveCfg = Debug|Any CPU
		{338DF3B0-08A5-485A-85F9-205E4475058F}.Debug|Any CPU.Build.0 = Debug|Any CPU
		{338DF3B0-08A5-485A-85F9-205E4475058F}.Release|Any CPU.ActiveCfg = Release|Any CPU
		{338DF3B0-08A5-485A-85F9-205E4475058F}.Release|Any CPU.Build.0 = Release|Any CPU
		{80644772-C71B-4DEC-A380-5E084DCEEBB3}.Debug|Any CPU.ActiveCfg = Debug|Any CPU
		{80644772-C71B-4DEC-A380-5E084DCEEBB3}.Debug|Any CPU.Build.0 = Debug|Any CPU
		{80644772-C71B-4DEC-A380-5E084DCEEBB3}.Release|Any CPU.ActiveCfg = Release|Any CPU
		{80644772-C71B-4DEC-A380-5E084DCEEBB3}.Release|Any CPU.Build.0 = Release|Any CPU
	EndGlobalSection
	GlobalSection(SolutionProperties) = preSolution
		HideSolutionNode = FALSE
	EndGlobalSection
	GlobalSection(ExtensibilityGlobals) = postSolution
		SolutionGuid = {E1B15549-53EB-4FC7-A064-18BF5B14CDF0}
	EndGlobalSection
EndGlobal
